
Microsoft Visual Studio Solution File, Format Version 12.00
# Visual Studio Version 17
VisualStudioVersion = 17.7.34003.232
MinimumVisualStudioVersion = 10.0.40219.1
Project("{FAE04EC0-301F-11D3-BF4B-00C04F79EFBC}") = "HardMode", "HardMode\HardMode.csproj", "{97CA9E73-D85E-401C-9324-08D2835703E5}"
EndProject
Global
	GlobalSection(SolutionConfigurationPlatforms) = preSolution
		Debug|Any CPU = Debug|Any CPU
		Release|Any CPU = Release|Any CPU
	EndGlobalSection
	GlobalSection(ProjectConfigurationPlatforms) = postSolution
		{97CA9E73-D85E-401C-9324-08D2835703E5}.Debug|Any CPU.ActiveCfg = Debug|Any CPU
		{97CA9E73-D85E-401C-9324-08D2835703E5}.Debug|Any CPU.Build.0 = Debug|Any CPU
		{97CA9E73-D85E-401C-9324-08D2835703E5}.Release|Any CPU.ActiveCfg = Release|Any CPU
		{97CA9E73-D85E-401C-9324-08D2835703E5}.Release|Any CPU.Build.0 = Release|Any CPU
	EndGlobalSection
	GlobalSection(SolutionProperties) = preSolution
		HideSolutionNode = FALSE
	EndGlobalSection
	GlobalSection(ExtensibilityGlobals) = postSolution
		SolutionGuid = {993F8006-32DA-4E87-8D22-AF8C6279086E}
	EndGlobalSection
EndGlobal
